
Microsoft Visual Studio Solution File, Format Version 12.00
# Visual Studio Version 17
VisualStudioVersion = 17.10.35013.160
MinimumVisualStudioVersion = 10.0.40219.1
Project("{FAE04EC0-301F-11D3-BF4B-00C04F79EFBC}") = "SalesWebMvc", "SalesWebMvc\SalesWebMvc.csproj", "{F555A4F9-128F-4909-BBB6-068FC23CB1F6}"
EndProject
Global
	GlobalSection(SolutionConfigurationPlatforms) = preSolution
		Debug|Any CPU = Debug|Any CPU
		Release|Any CPU = Release|Any CPU
	EndGlobalSection
	GlobalSection(ProjectConfigurationPlatforms) = postSolution
		{F555A4F9-128F-4909-BBB6-068FC23CB1F6}.Debug|Any CPU.ActiveCfg = Debug|Any CPU
		{F555A4F9-128F-4909-BBB6-068FC23CB1F6}.Debug|Any CPU.Build.0 = Debug|Any CPU
		{F555A4F9-128F-4909-BBB6-068FC23CB1F6}.Release|Any CPU.ActiveCfg = Release|Any CPU
		{F555A4F9-128F-4909-BBB6-068FC23CB1F6}.Release|Any CPU.Build.0 = Release|Any CPU
	EndGlobalSection
	GlobalSection(SolutionProperties) = preSolution
		HideSolutionNode = FALSE
	EndGlobalSection
	GlobalSection(ExtensibilityGlobals) = postSolution
		SolutionGuid = {22FF72CE-F336-492D-89BE-F7CFE35FF4C5}
	EndGlobalSection
EndGlobal
